{
    "_meta": {
        "hash": {
            "sha256": "a9614a9a996255b93131e2fa18104b66635421256144fd19c6a2207872aa5e07"
        },
        "host-environment-markers": {
            "implementation_name": "cpython",
            "implementation_version": "3.6.4",
            "os_name": "posix",
            "platform_machine": "x86_64",
            "platform_python_implementation": "CPython",
            "platform_release": "4.14.14-1-ARCH",
            "platform_system": "Linux",
            "platform_version": "#1 SMP PREEMPT Fri Jan 19 18:42:04 UTC 2018",
            "python_full_version": "3.6.4",
            "python_version": "3.6",
            "sys_platform": "linux"
        },
        "pipfile-spec": 6,
        "requires": {},
        "sources": [
            {
                "name": "pypi",
                "url": "https://pypi.python.org/simple",
                "verify_ssl": true
            }
        ]
    },
    "default": {
        "attrs": {
            "hashes": [
                "sha256:a17a9573a6f475c99b551c0e0a812707ddda1ec9653bed04c13841404ed6f450",
                "sha256:1c7960ccfd6a005cd9f7ba884e6316b5e430a3f1a6c37c5f87d8b43f83b54ec9"
            ],
            "version": "==17.4.0"
        },
        "pluggy": {
            "hashes": [
                "sha256:7f8ae7f5bdf75671a718d2daf0a64b7885f74510bcd98b1a0bb420eb9a9d0cff"
            ],
            "version": "==0.6.0"
        },
        "py": {
            "hashes": [
                "sha256:8cca5c229d225f8c1e3085be4fcf306090b00850fefad892f9d96c7b6e2f310f",
                "sha256:ca18943e28235417756316bfada6cd96b23ce60dd532642690dcfdaba988a76d"
            ],
            "version": "==1.5.2"
        },
        "pyfrc": {
            "hashes": [
                "sha256:4cb17a3588f18975b27695991e0d2278931508a03517a0f32d6d880b3a9d73ba"
            ],
            "version": "==2018.0.4"
        },
        "pygame": {
            "hashes": [
                "sha256:66746c32d21d8193ab066fdf90da96ed993c4818adb13bf4eaa472f306f7f421",
                "sha256:73c86fdbbfc5ae77d0271fb0964f4a3fc639cc2277ffeb60ee4e981fb0d27640",
                "sha256:97615fb075808b4709f6115e3a11a253bfac78614f430bededbc0ac76a5100af",
                "sha256:5cf670378c8aabdf1bdf283eeec690c93f95dfe8de77c66bc837c91274c8ca49",
                "sha256:22d5195a72b9a300cb7e87d7bde1373930a02b1054e95bc431d26a321ae15d07",
                "sha256:2ee479b0120cc82f04f7c41a09d75fc85c9992ed1a26c9527fb2b7b0637e6739",
                "sha256:e8626d4d4e7617ebf103d96a493b9cbe53f9b39cd46ecbff232e33ba4a082530",
                "sha256:792f8d1a455d5d1de9c8f2cc051c6dac2b90705afc4cf9fe4933aeb296b0ae3f",
                "sha256:4d4985d0e0e5470c5ef872d65a863f1722d85a136327eb3bb5dcafc2853f2e55",
                "sha256:925e6be8e8c3f1cec016f5a68f369491ae34600e04633759e0e07780ce7bd083",
                "sha256:ea7da8dd7fbc12becccf691b4c76fbb381e369e124c30e21f9ed263b6e7e139a",
                "sha256:2a8292d0b5a67e0b96d2cae09bbd8252e99daffe95fd88a00166b92fb6497b40",
                "sha256:96a8f61c729d82576ee3d5cfe3b0b91e7b52a4fbf3d618a3b659347eeb4fd937",
                "sha256:831c906d4a70aa58f9382e79671525805583b58ac8c895b4c4bd066e8858a1a1",
                "sha256:834ee27388563f15e6c736aa4850e4cf95609f67056ee73ff646528bb658e79e",
                "sha256:c49ece0e4ba71be90ed4bf6a905c35e5c1a95c4c0b0b42eaff74ab69c5793847",
                "sha256:4847550da37d3bc702e0201a035de005f184b19e86625a3c70ab1d318317ee91",
                "sha256:643de45518d11cb7784e3fe77aef43fe3cb7e0d6b495ad4361ade931f16c334b",
                "sha256:751021819bdc0cbe5cbd51904abb6ff9e9aee5b0e8955af02284d0e77d6c9ec2"
            ],
            "version": "==1.9.3"
        },
        "pynetconsole": {
            "hashes": [
                "sha256:b619b9d90857094e7221b39dafc4f14ade58b339a288437143a41c25386ccf6d"
            ],
            "version": "==2.0.0"
        },
        "pynetworktables": {
            "hashes": [
                "sha256:54f455b971ea509cebb4e5a05a55e7210f4ff1ad33e51d057c1889619d90e5f7"
            ],
            "version": "==2018.0.1"
        },
        "pytest": {
            "hashes": [
                "sha256:b84878865558194630c6147f44bdaef27222a9f153bbd4a08908b16bf285e0b1",
                "sha256:53548280ede7818f4dc2ad96608b9f08ae2cc2ca3874f2ceb6f97e3583f25bc4"
            ],
            "version": "==3.3.2"
        },
        "robotpy-ctre": {
            "hashes": [
                "sha256:65e9fd4142b29894938cb7779af24c8992ab18af2c94e46d39c8da42b118b3a6"
            ],
            "version": "==2018.1.3"
        },
        "robotpy-hal-base": {
            "hashes": [
                "sha256:6fd9a102dfa5457b122b43298cb4328255fcf5b1716cca2472ed1d08fda53c52"
            ],
            "version": "==2018.0.10"
        },
        "robotpy-hal-sim": {
            "hashes": [
                "sha256:1d1d67b6615bd2e326aa9731ede5f2d715ee66c89a725be86c53be9bb2abf011"
            ],
            "version": "==2018.0.10"
        },
        "robotpy-installer": {
            "hashes": [
                "sha256:8833aeb506495f142f884efee9db95b9ceb615ee5096264102855acf2ca3d45c"
            ],
            "version": "==2018.0.0"
        },
        "robotpy-wpilib-utilities": {
            "hashes": [
                "sha256:0e6facee7fa5f444c1cba4d032cde35f1011356f06f68c89042f9533b70cc36f"
            ],
            "version": "==2018.0.1"
        },
        "six": {
            "hashes": [
                "sha256:832dc0e10feb1aa2c68dcc57dbb658f1c7e65b9b61af69048abc87a2db00a0eb",
                "sha256:70e8a77beed4562e7f14fe23a786b54f6296e34344c23bc42f07b15018ff98e9"
            ],
            "version": "==1.11.0"
        },
        "wpilib": {
            "hashes": [
                "sha256:81430c4bc6cbd07ea7d89b0de24deebd2d2b78525fbd84c68f7554c89cdf6fee"
            ],
            "version": "==2018.0.10"
        }
    },
    "develop": {}
}
